
Microsoft Visual Studio Solution File, Format Version 12.00
Project("{FAE04EC0-301F-11D3-BF4B-00C04F79EFBC}") = "NG.Abstractions", "NG.Abstractions\NG.Abstractions.csproj", "{EA835E10-CC22-4796-966E-4D77EA63F3D9}"
EndProject
Project("{FAE04EC0-301F-11D3-BF4B-00C04F79EFBC}") = "NG.Presistance", "NG.Presistance\NG.Presistance.csproj", "{AF88258C-DF6F-4CDC-AFB6-00D2776B87D8}"
EndProject
Project("{FAE04EC0-301F-11D3-BF4B-00C04F79EFBC}") = "NG", "NG\NG.csproj", "{E06C68E8-BCEE-426F-8004-FA049A4AF788}"
EndProject
Project("{FAE04EC0-301F-11D3-BF4B-00C04F79EFBC}") = "NG.Host.WebApi", "NG.Host.WebApi\NG.Host.WebApi.csproj", "{A738215B-C975-4C53-AC28-A253C8579841}"
EndProject
Global
	GlobalSection(SolutionConfigurationPlatforms) = preSolution
		Debug|Any CPU = Debug|Any CPU
		Release|Any CPU = Release|Any CPU
	EndGlobalSection
	GlobalSection(ProjectConfigurationPlatforms) = postSolution
		{EA835E10-CC22-4796-966E-4D77EA63F3D9}.Debug|Any CPU.ActiveCfg = Debug|Any CPU
		{EA835E10-CC22-4796-966E-4D77EA63F3D9}.Debug|Any CPU.Build.0 = Debug|Any CPU
		{EA835E10-CC22-4796-966E-4D77EA63F3D9}.Release|Any CPU.ActiveCfg = Release|Any CPU
		{EA835E10-CC22-4796-966E-4D77EA63F3D9}.Release|Any CPU.Build.0 = Release|Any CPU
		{AF88258C-DF6F-4CDC-AFB6-00D2776B87D8}.Debug|Any CPU.ActiveCfg = Debug|Any CPU
		{AF88258C-DF6F-4CDC-AFB6-00D2776B87D8}.Debug|Any CPU.Build.0 = Debug|Any CPU
		{AF88258C-DF6F-4CDC-AFB6-00D2776B87D8}.Release|Any CPU.ActiveCfg = Release|Any CPU
		{AF88258C-DF6F-4CDC-AFB6-00D2776B87D8}.Release|Any CPU.Build.0 = Release|Any CPU
		{E06C68E8-BCEE-426F-8004-FA049A4AF788}.Debug|Any CPU.ActiveCfg = Debug|Any CPU
		{E06C68E8-BCEE-426F-8004-FA049A4AF788}.Debug|Any CPU.Build.0 = Debug|Any CPU
		{E06C68E8-BCEE-426F-8004-FA049A4AF788}.Release|Any CPU.ActiveCfg = Release|Any CPU
		{E06C68E8-BCEE-426F-8004-FA049A4AF788}.Release|Any CPU.Build.0 = Release|Any CPU
		{F1E3D682-BAAB-4DE9-942F-61CB40036F01}.Debug|Any CPU.ActiveCfg = Debug|Any CPU
		{F1E3D682-BAAB-4DE9-942F-61CB40036F01}.Debug|Any CPU.Build.0 = Debug|Any CPU
		{F1E3D682-BAAB-4DE9-942F-61CB40036F01}.Release|Any CPU.ActiveCfg = Release|Any CPU
		{F1E3D682-BAAB-4DE9-942F-61CB40036F01}.Release|Any CPU.Build.0 = Release|Any CPU
		{A738215B-C975-4C53-AC28-A253C8579841}.Debug|Any CPU.ActiveCfg = Debug|Any CPU
		{A738215B-C975-4C53-AC28-A253C8579841}.Debug|Any CPU.Build.0 = Debug|Any CPU
		{A738215B-C975-4C53-AC28-A253C8579841}.Release|Any CPU.ActiveCfg = Release|Any CPU
		{A738215B-C975-4C53-AC28-A253C8579841}.Release|Any CPU.Build.0 = Release|Any CPU
	EndGlobalSection
EndGlobal
